
Microsoft Visual Studio Solution File, Format Version 12.00
Project("{FAE04EC0-301F-11D3-BF4B-00C04F79EFBC}") = "IdentityServer", "src\IdentityServer\IdentityServer.csproj", "{0877881A-2676-4DF4-98E8-7D08CBF8C8C1}"
EndProject
Project("{2150E333-8FDC-42A3-9474-1A3956D46DE8}") = "WebApi", "WebApi", "{FB3D8182-3ED4-4D76-97C1-9E0938154CE7}"
EndProject
Project("{FAE04EC0-301F-11D3-BF4B-00C04F79EFBC}") = "Domain", "src\WebApi\Domain\Domain.csproj", "{0E9177C5-2D58-4CAC-AB93-BF8756C5DB80}"
EndProject
Project("{FAE04EC0-301F-11D3-BF4B-00C04F79EFBC}") = "Application", "src\WebApi\Application\Application.csproj", "{676254FB-6EDE-42FB-B21F-6DD4CCB5DC17}"
EndProject
Project("{FAE04EC0-301F-11D3-BF4B-00C04F79EFBC}") = "Infrastructure", "src\WebApi\Infrastructure\Infrastructure.csproj", "{E6791256-4D89-4E6C-B080-F246AB581EA4}"
EndProject
Project("{FAE04EC0-301F-11D3-BF4B-00C04F79EFBC}") = "WebApi", "src\WebApi\WebApi\WebApi.csproj", "{3195A381-A7DA-45D4-8818-9A6DE4F76C9D}"
EndProject
Global
	GlobalSection(SolutionConfigurationPlatforms) = preSolution
		Debug|Any CPU = Debug|Any CPU
		Release|Any CPU = Release|Any CPU
	EndGlobalSection
	GlobalSection(ProjectConfigurationPlatforms) = postSolution
		{0877881A-2676-4DF4-98E8-7D08CBF8C8C1}.Debug|Any CPU.ActiveCfg = Debug|Any CPU
		{0877881A-2676-4DF4-98E8-7D08CBF8C8C1}.Debug|Any CPU.Build.0 = Debug|Any CPU
		{0877881A-2676-4DF4-98E8-7D08CBF8C8C1}.Release|Any CPU.ActiveCfg = Release|Any CPU
		{0877881A-2676-4DF4-98E8-7D08CBF8C8C1}.Release|Any CPU.Build.0 = Release|Any CPU
		{0E9177C5-2D58-4CAC-AB93-BF8756C5DB80}.Debug|Any CPU.ActiveCfg = Debug|Any CPU
		{0E9177C5-2D58-4CAC-AB93-BF8756C5DB80}.Debug|Any CPU.Build.0 = Debug|Any CPU
		{0E9177C5-2D58-4CAC-AB93-BF8756C5DB80}.Release|Any CPU.ActiveCfg = Release|Any CPU
		{0E9177C5-2D58-4CAC-AB93-BF8756C5DB80}.Release|Any CPU.Build.0 = Release|Any CPU
		{676254FB-6EDE-42FB-B21F-6DD4CCB5DC17}.Debug|Any CPU.ActiveCfg = Debug|Any CPU
		{676254FB-6EDE-42FB-B21F-6DD4CCB5DC17}.Debug|Any CPU.Build.0 = Debug|Any CPU
		{676254FB-6EDE-42FB-B21F-6DD4CCB5DC17}.Release|Any CPU.ActiveCfg = Release|Any CPU
		{676254FB-6EDE-42FB-B21F-6DD4CCB5DC17}.Release|Any CPU.Build.0 = Release|Any CPU
		{E6791256-4D89-4E6C-B080-F246AB581EA4}.Debug|Any CPU.ActiveCfg = Debug|Any CPU
		{E6791256-4D89-4E6C-B080-F246AB581EA4}.Debug|Any CPU.Build.0 = Debug|Any CPU
		{E6791256-4D89-4E6C-B080-F246AB581EA4}.Release|Any CPU.ActiveCfg = Release|Any CPU
		{E6791256-4D89-4E6C-B080-F246AB581EA4}.Release|Any CPU.Build.0 = Release|Any CPU
		{3195A381-A7DA-45D4-8818-9A6DE4F76C9D}.Debug|Any CPU.ActiveCfg = Debug|Any CPU
		{3195A381-A7DA-45D4-8818-9A6DE4F76C9D}.Debug|Any CPU.Build.0 = Debug|Any CPU
		{3195A381-A7DA-45D4-8818-9A6DE4F76C9D}.Release|Any CPU.ActiveCfg = Release|Any CPU
		{3195A381-A7DA-45D4-8818-9A6DE4F76C9D}.Release|Any CPU.Build.0 = Release|Any CPU
	EndGlobalSection
	GlobalSection(NestedProjects) = preSolution
		{0E9177C5-2D58-4CAC-AB93-BF8756C5DB80} = {FB3D8182-3ED4-4D76-97C1-9E0938154CE7}
		{676254FB-6EDE-42FB-B21F-6DD4CCB5DC17} = {FB3D8182-3ED4-4D76-97C1-9E0938154CE7}
		{E6791256-4D89-4E6C-B080-F246AB581EA4} = {FB3D8182-3ED4-4D76-97C1-9E0938154CE7}
		{3195A381-A7DA-45D4-8818-9A6DE4F76C9D} = {FB3D8182-3ED4-4D76-97C1-9E0938154CE7}
	EndGlobalSection
EndGlobal
